
Microsoft Visual Studio Solution File, Format Version 12.00
# Visual Studio Version 16
VisualStudioVersion = 16.0.28803.452
MinimumVisualStudioVersion = 10.0.40219.1
Project("{9A19103F-16F7-4668-BE54-9A1E7A4F7556}") = "XPY.WebTemplate", "XPY.WebTemplate\XPY.WebTemplate.csproj", "{DB1B8BE5-8153-4B07-86AA-AD059C70B70B}"
EndProject
Project("{9A19103F-16F7-4668-BE54-9A1E7A4F7556}") = "XPY.WebTemplate.Collection", "XPY.WebTemplate.Collection\XPY.WebTemplate.Collection.csproj", "{43788AB1-067C-4622-85BE-067AFA6C5E51}"
EndProject
Project("{9A19103F-16F7-4668-BE54-9A1E7A4F7556}") = "XPY.WebTemplate.Core.Authorization", "XPY.WebTemplate.Core.Authorization\XPY.WebTemplate.Core.Authorization.csproj", "{E0FFC7BE-B796-4641-AC47-76F59C14534C}"
EndProject
Project("{9A19103F-16F7-4668-BE54-9A1E7A4F7556}") = "XPY.WebTemplate.Core.IP2Country", "XPY.WebTemplate.Core.IP2Country\XPY.WebTemplate.Core.IP2Country.csproj", "{4DBF18B9-4DC0-4D0C-868D-1042621D0D30}"
EndProject
Project("{9A19103F-16F7-4668-BE54-9A1E7A4F7556}") = "XPY.WebTemplate.Core.DeviceDetector", "XPY.WebTemplate.Core.DeviceDetector\XPY.WebTemplate.Core.DeviceDetector.csproj", "{CE06509F-831D-484F-B6E3-36D436868193}"
EndProject
Project("{9A19103F-16F7-4668-BE54-9A1E7A4F7556}") = "XPY.WebTemplate.Core.NSwag", "XPY.WebTemplate.Core.NSwag\XPY.WebTemplate.Core.NSwag.csproj", "{E13B20F3-FF8F-4E51-8000-4BE1E0D250B5}"
EndProject
Project("{9A19103F-16F7-4668-BE54-9A1E7A4F7556}") = "XPY.WebTemplate.Core.SPA", "XPY.WebTemplate.Core.SPA\XPY.WebTemplate.Core.SPA.csproj", "{747D358D-5999-4054-A387-A5B5D92654BC}"
EndProject
Project("{9A19103F-16F7-4668-BE54-9A1E7A4F7556}") = "XPY.WebTemplate.Services", "XPY.WebTemplate.Services\XPY.WebTemplate.Services.csproj", "{BAE5F8E7-5DD6-4475-9A5B-4A358B1B608D}"
EndProject
Project("{9A19103F-16F7-4668-BE54-9A1E7A4F7556}") = "XPY.WebTemplate.Models.EF", "XPY.WebTemplate.Models.EF\XPY.WebTemplate.Models.EF.csproj", "{30883DD0-34CA-4CB7-8888-A102E02CB80B}"
EndProject
Project("{9A19103F-16F7-4668-BE54-9A1E7A4F7556}") = "XPY.WebTemplate.Models", "XPY.WebTemplate.Models\XPY.WebTemplate.Models.csproj", "{78E3F7D5-85F1-4A55-B473-EBB8C83C9F6D}"
EndProject
Project("{FAE04EC0-301F-11D3-BF4B-00C04F79EFBC}") = "XPY.WebTemplate.Models.Validators", "XPY.WebTemplate.Models.Validators\XPY.WebTemplate.Models.Validators.csproj", "{A2BD1E01-883C-41E8-A546-BAB91B14DC98}"
EndProject
Global
	GlobalSection(SolutionConfigurationPlatforms) = preSolution
		Debug|Any CPU = Debug|Any CPU
		Release|Any CPU = Release|Any CPU
	EndGlobalSection
	GlobalSection(ProjectConfigurationPlatforms) = postSolution
		{DB1B8BE5-8153-4B07-86AA-AD059C70B70B}.Debug|Any CPU.ActiveCfg = Debug|Any CPU
		{DB1B8BE5-8153-4B07-86AA-AD059C70B70B}.Debug|Any CPU.Build.0 = Debug|Any CPU
		{DB1B8BE5-8153-4B07-86AA-AD059C70B70B}.Release|Any CPU.ActiveCfg = Release|Any CPU
		{DB1B8BE5-8153-4B07-86AA-AD059C70B70B}.Release|Any CPU.Build.0 = Release|Any CPU
		{43788AB1-067C-4622-85BE-067AFA6C5E51}.Debug|Any CPU.ActiveCfg = Debug|Any CPU
		{43788AB1-067C-4622-85BE-067AFA6C5E51}.Debug|Any CPU.Build.0 = Debug|Any CPU
		{43788AB1-067C-4622-85BE-067AFA6C5E51}.Release|Any CPU.ActiveCfg = Release|Any CPU
		{43788AB1-067C-4622-85BE-067AFA6C5E51}.Release|Any CPU.Build.0 = Release|Any CPU
		{E0FFC7BE-B796-4641-AC47-76F59C14534C}.Debug|Any CPU.ActiveCfg = Debug|Any CPU
		{E0FFC7BE-B796-4641-AC47-76F59C14534C}.Debug|Any CPU.Build.0 = Debug|Any CPU
		{E0FFC7BE-B796-4641-AC47-76F59C14534C}.Release|Any CPU.ActiveCfg = Release|Any CPU
		{E0FFC7BE-B796-4641-AC47-76F59C14534C}.Release|Any CPU.Build.0 = Release|Any CPU
		{4DBF18B9-4DC0-4D0C-868D-1042621D0D30}.Debug|Any CPU.ActiveCfg = Debug|Any CPU
		{4DBF18B9-4DC0-4D0C-868D-1042621D0D30}.Debug|Any CPU.Build.0 = Debug|Any CPU
		{4DBF18B9-4DC0-4D0C-868D-1042621D0D30}.Release|Any CPU.ActiveCfg = Release|Any CPU
		{4DBF18B9-4DC0-4D0C-868D-1042621D0D30}.Release|Any CPU.Build.0 = Release|Any CPU
		{CE06509F-831D-484F-B6E3-36D436868193}.Debug|Any CPU.ActiveCfg = Debug|Any CPU
		{CE06509F-831D-484F-B6E3-36D436868193}.Debug|Any CPU.Build.0 = Debug|Any CPU
		{CE06509F-831D-484F-B6E3-36D436868193}.Release|Any CPU.ActiveCfg = Release|Any CPU
		{CE06509F-831D-484F-B6E3-36D436868193}.Release|Any CPU.Build.0 = Release|Any CPU
		{E13B20F3-FF8F-4E51-8000-4BE1E0D250B5}.Debug|Any CPU.ActiveCfg = Debug|Any CPU
		{E13B20F3-FF8F-4E51-8000-4BE1E0D250B5}.Debug|Any CPU.Build.0 = Debug|Any CPU
		{E13B20F3-FF8F-4E51-8000-4BE1E0D250B5}.Release|Any CPU.ActiveCfg = Release|Any CPU
		{E13B20F3-FF8F-4E51-8000-4BE1E0D250B5}.Release|Any CPU.Build.0 = Release|Any CPU
		{747D358D-5999-4054-A387-A5B5D92654BC}.Debug|Any CPU.ActiveCfg = Debug|Any CPU
		{747D358D-5999-4054-A387-A5B5D92654BC}.Debug|Any CPU.Build.0 = Debug|Any CPU
		{747D358D-5999-4054-A387-A5B5D92654BC}.Release|Any CPU.ActiveCfg = Release|Any CPU
		{747D358D-5999-4054-A387-A5B5D92654BC}.Release|Any CPU.Build.0 = Release|Any CPU
		{BAE5F8E7-5DD6-4475-9A5B-4A358B1B608D}.Debug|Any CPU.ActiveCfg = Debug|Any CPU
		{BAE5F8E7-5DD6-4475-9A5B-4A358B1B608D}.Debug|Any CPU.Build.0 = Debug|Any CPU
		{BAE5F8E7-5DD6-4475-9A5B-4A358B1B608D}.Release|Any CPU.ActiveCfg = Release|Any CPU
		{BAE5F8E7-5DD6-4475-9A5B-4A358B1B608D}.Release|Any CPU.Build.0 = Release|Any CPU
		{30883DD0-34CA-4CB7-8888-A102E02CB80B}.Debug|Any CPU.ActiveCfg = Debug|Any CPU
		{30883DD0-34CA-4CB7-8888-A102E02CB80B}.Debug|Any CPU.Build.0 = Debug|Any CPU
		{30883DD0-34CA-4CB7-8888-A102E02CB80B}.Release|Any CPU.ActiveCfg = Release|Any CPU
		{30883DD0-34CA-4CB7-8888-A102E02CB80B}.Release|Any CPU.Build.0 = Release|Any CPU
		{78E3F7D5-85F1-4A55-B473-EBB8C83C9F6D}.Debug|Any CPU.ActiveCfg = Debug|Any CPU
		{78E3F7D5-85F1-4A55-B473-EBB8C83C9F6D}.Debug|Any CPU.Build.0 = Debug|Any CPU
		{78E3F7D5-85F1-4A55-B473-EBB8C83C9F6D}.Release|Any CPU.ActiveCfg = Release|Any CPU
		{78E3F7D5-85F1-4A55-B473-EBB8C83C9F6D}.Release|Any CPU.Build.0 = Release|Any CPU
		{A2BD1E01-883C-41E8-A546-BAB91B14DC98}.Debug|Any CPU.ActiveCfg = Debug|Any CPU
		{A2BD1E01-883C-41E8-A546-BAB91B14DC98}.Debug|Any CPU.Build.0 = Debug|Any CPU
		{A2BD1E01-883C-41E8-A546-BAB91B14DC98}.Release|Any CPU.ActiveCfg = Release|Any CPU
		{A2BD1E01-883C-41E8-A546-BAB91B14DC98}.Release|Any CPU.Build.0 = Release|Any CPU
	EndGlobalSection
	GlobalSection(SolutionProperties) = preSolution
		HideSolutionNode = FALSE
	EndGlobalSection
	GlobalSection(ExtensibilityGlobals) = postSolution
		SolutionGuid = {2EEBD73C-0637-4E9C-9124-68CB89C575C1}
	EndGlobalSection
EndGlobal
